<Solution>
  <Folder Name="/doc/">
    <File Path=".github/workflows/publish-nuget.yml" />
    <File Path="README.md" />
  </Folder>
  <Folder Name="/src/">
    <Project Path="src/Juknum.Windows.ContextMenu/Juknum.Windows.ContextMenu.csproj" />
    <Project Path="src/Juknum.Windows.ContextMenu.Example/Juknum.Windows.ContextMenu.Example.csproj" />
  </Folder>
</Solution>
